
Microsoft Visual Studio Solution File, Format Version 12.00
# Visual Studio Version 17
VisualStudioVersion = 17.1.32210.238
MinimumVisualStudioVersion = 10.0.40219.1
Project("{FAE04EC0-301F-11D3-BF4B-00C04F79EFBC}") = "CodeCamp_SeleniumDemo", "CodeCamp_SeleniumDemo.csproj", "{9A70584B-958A-4FDF-9036-328DA18A471E}"
EndProject
Global
	GlobalSection(SolutionConfigurationPlatforms) = preSolution
		Debug|Any CPU = Debug|Any CPU
		Release|Any CPU = Release|Any CPU
	EndGlobalSection
	GlobalSection(ProjectConfigurationPlatforms) = postSolution
		{9A70584B-958A-4FDF-9036-328DA18A471E}.Debug|Any CPU.ActiveCfg = Debug|Any CPU
		{9A70584B-958A-4FDF-9036-328DA18A471E}.Debug|Any CPU.Build.0 = Debug|Any CPU
		{9A70584B-958A-4FDF-9036-328DA18A471E}.Release|Any CPU.ActiveCfg = Release|Any CPU
		{9A70584B-958A-4FDF-9036-328DA18A471E}.Release|Any CPU.Build.0 = Release|Any CPU
	EndGlobalSection
	GlobalSection(SolutionProperties) = preSolution
		HideSolutionNode = FALSE
	EndGlobalSection
	GlobalSection(ExtensibilityGlobals) = postSolution
		SolutionGuid = {2BBDB286-24A1-4849-AE75-7F0AC018DC8F}
	EndGlobalSection
EndGlobal
